
Microsoft Visual Studio Solution File, Format Version 12.00
# Visual Studio Version 16
VisualStudioVersion = 16.0.31729.503
MinimumVisualStudioVersion = 10.0.40219.1
Project("{9A19103F-16F7-4668-BE54-9A1E7A4F7556}") = "TCP_UDP_Conn", "TCP_UDP_Conn.csproj", "{8995B1C5-0B74-4716-94F3-0A452D94D23C}"
EndProject
Global
	GlobalSection(SolutionConfigurationPlatforms) = preSolution
		Debug|Any CPU = Debug|Any CPU
		Release|Any CPU = Release|Any CPU
	EndGlobalSection
	GlobalSection(ProjectConfigurationPlatforms) = postSolution
		{8995B1C5-0B74-4716-94F3-0A452D94D23C}.Debug|Any CPU.ActiveCfg = Debug|Any CPU
		{8995B1C5-0B74-4716-94F3-0A452D94D23C}.Debug|Any CPU.Build.0 = Debug|Any CPU
		{8995B1C5-0B74-4716-94F3-0A452D94D23C}.Release|Any CPU.ActiveCfg = Release|Any CPU
		{8995B1C5-0B74-4716-94F3-0A452D94D23C}.Release|Any CPU.Build.0 = Release|Any CPU
	EndGlobalSection
	GlobalSection(SolutionProperties) = preSolution
		HideSolutionNode = FALSE
	EndGlobalSection
	GlobalSection(ExtensibilityGlobals) = postSolution
		SolutionGuid = {79E6AD69-8A24-4F8A-92B5-C89DFA94C165}
	EndGlobalSection
EndGlobal
